lockfileVersion: '9.0'

settings:
  autoInstallPeers: false
  excludeLinksFromLockfile: false

importers:

  .:
    dependencies:
      '@remotion/renderer':
        specifier: 4.0.526
        version: 4.0.526(react-dom@18.3.1(react@18.3.1))(react@18.3.1)
      react:
        specifier: 18.3.1
        version: 18.3.1
      react-dom:
        specifier: 18.3.1
        version: 18.3.1(react@18.3.1)
      remotion:
        specifier: 4.0.526
        version: 4.0.526(react-dom@18.3.1(react@18.3.1))(react@18.3.1)
      zod:
        specifier: 3.25.76
        version: 3.25.76

packages:

  '@remotion/compositor-darwin-arm64@4.0.526':
    resolution: {integrity: sha512-V+wjDkzSXInsHjFTb5Qx4TsXsVW5EGrIWm573eXSykJ0VpR+zTTPw8XcYMWivTKFvx9GhUx76s5v/4/A4dHZbQ==}
    cpu: [arm64]
    os: [darwin]

  '@remotion/compositor-darwin-x64@4.0.526':
    resolution: {integrity: sha512-Z3pKq/9KwyWcBCorwxbtw2wi5hHOyAPMS5KKBpRanEDnndwLmPq4UEkJ/mB7E8C5ZFa9g8BZYVGuLu5Gai4sFw==}
    cpu: [x64]
    os: [darwin]

  '@remotion/compositor-linux-arm64-gnu@4.0.526':
    resolution: {integrity: sha512-xP2wNLQN26zlldyf58Rup68vWsfE7t0iea5olWRW7/Hm3nZeCfT+sQjWzIyzd+K7Ewnp3nLpHB9Hj87iiQA3zg==}
    cpu: [arm64]
    os: [linux]
    libc: [glibc]

  '@remotion/compositor-linux-arm64-musl@4.0.526':
    resolution: {integrity: sha512-secQh2JqgYIBeWlK8Q50yBapQH/uef649pHeSUCPNHrJmY2Kz31yuSFNcKj80Qmv62PY2Rff27wDqDGsEQpYvA==}
    cpu: [arm64]
    os: [linux]
    libc: [musl]

  '@remotion/compositor-linux-x64-gnu@4.0.526':
    resolution: {integrity: sha512-WBUGgvqUjH1Z8qmAHrVI1TKsupHauGhEbz31c1JWAN68xTQs1GFZQ5zhIPmRDFOAD2kgXdPq0WnLOPUIRV8FgA==}
    cpu: [x64]
    os: [linux]
    libc: [glibc]

  '@remotion/compositor-linux-x64-musl@4.0.526':
    resolution: {integrity: sha512-1QSBo3jqFr5RMvGGSZ6mUrD0pw72HrrNQzVf+UZP+X/Z3uLyexTvSmytWPmeorPE+H4+eD8kADgeiKblY7DMkA==}
    cpu: [x64]
    os: [linux]
    libc: [musl]

  '@remotion/compositor-win32-x64-msvc@4.0.526':
    resolution: {integrity: sha512-bDS7BOw2Pw3TG8I9gutNTKG0AzgOnwJHF5oa/AbWNm0sYwSqkD0NVZnZ5YMWA7mF9PQ0ALX2vj9uXgsEa6LpEQ==}
    cpu: [x64]
    os: [win32]

  '@remotion/licensing@4.0.526':
    resolution: {integrity: sha512-yd0E2nKBanDktQ5Y+vDkwE1cvsHrrVDXIL5JaODUYVbzECiK4X2J9Rm+kovW230tTMhEzAiVBtwneVp5EEgvCQ==}

  '@remotion/renderer@4.0.526':
    resolution: {integrity: sha512-gvhHhzxi9SGkTHL3XlOgH4k8MOe+GlhyO6NTs2ye4+lbqPrhON0uD1I/qXvh0eiwwuYEQ6qi7B9FbY4RbB6e4w==}
    peerDependencies:
      react: '>=16.8.0'
      react-dom: '>=16.8.0'

  '@remotion/streaming@4.0.526':
    resolution: {integrity: sha512-qfCZ/JKPI7QNSmGTjMgcojxe5G1AzydkcB3JbgssG8QvwZaG+3OTZtw8lLwBOBfOQgvfY25Up89iM/GUBAQSsA==}

  cross-spawn@7.0.6:
    resolution: {integrity: sha512-uV2QOWP2nWzsy2aMp8aRibhi9dlzF5Hgh5SHaB9OiTGEyDTiJJyx0uy51QXdyWbtAHNua4XJzUKca3OzKUd3vA==}
    engines: {node: '>= 8'}

  execa@5.1.1:
    resolution: {integrity: sha512-8uSpZZocAZRBAPIEINJj3Lo9HyGitllczc27Eh5YYojjMFMn8yHMDMaUHE2Jqfq05D/wucwI4JGURyXt1vchyg==}
    engines: {node: '>=10'}

  get-stream@6.0.1:
    resolution: {integrity: sha512-ts6Wi+2j3jQjqi70w5AlN8DFnkSwC+MqmxEzdEALB2qXZYV3X/b1CTfgPLGJNMeAWxdPfU8FO1ms3NUfaHCPYg==}
    engines: {node: '>=10'}

  human-signals@2.1.0:
    resolution: {integrity: sha512-B4FFZ6q/T2jhhksgkbEW3HBvWIfDW85snkQgawt07S7J5QXTk6BkNV+0yAeZrM5QpMAdYlocGoljn0sJ/WQkFw==}
    engines: {node: '>=10.17.0'}

  is-stream@2.0.1:
    resolution: {integrity: sha512-hFoiJiTl63nn+kstHGBtewWSKnQLpyb155KHheA1l39uvtO9nWIop1p3udqPcUd/xbF1VLMO4n7OI6p7RbngDg==}
    engines: {node: '>=8'}

  isexe@2.0.0:
    resolution: {integrity: sha512-RHxMLp9lnKHGHRng9QFhRCMbYAcVpn69smSGcq3f36xjgVVWThj4qqLbTLlq7Ssj8B+fIQ1EuCEGI2lKsyQeIw==}

  js-tokens@4.0.0:
    resolution: {integrity: sha512-RdJUflcE3cUzKiMqQgsCu06FPu9UdIJO0beYbPhHN4k6apgJtifcoCtT9bcxOpYBtpD2kCM6Sbzg4CausW/PKQ==}

  loose-envify@1.4.0:
    resolution: {integrity: sha512-lyuxPGr/Wfhrlem2CL/UcnUc1zcqKAImBDzukY7Y5F/yQiNdko6+fRLevlw1HgMySw7f611UIY408EtxRSoK3Q==}
    hasBin: true

  merge-stream@2.0.0:
    resolution: {integrity: sha512-abv/qOcuPfk3URPfDzmZU1LKmuw8kT+0nIHvKrKgFrwifol/doWcdA4ZqsWQ8ENrFKkd67Mfpo/LovbIUsbt3w==}

  mimic-fn@2.1.0:
    resolution: {integrity: sha512-OqbOk5oEQeAZ8WXWydlu9HJjz9WVdEIvamMCcXmuqUYjTknH/sqsWvhQ3vgwKFRR1HpjvNBKQ37nbJgYzGqGcg==}
    engines: {node: '>=6'}

  npm-run-path@4.0.1:
    resolution: {integrity: sha512-S48WzZW777zhNIrn7gxOlISNAqi9ZC/uQFnRdbeIHhZhCA6UqpkOT8T1G7BvfdgP4Er8gF4sUbaS0i7QvIfCWw==}
    engines: {node: '>=8'}

  onetime@5.1.2:
    resolution: {integrity: sha512-kbpaSSGJTWdAY5KPVeMOKXSrPtr8C8C7wodJbcsd51jRnmD+GZu8Y0VoU6Dm5Z4vWr0Ig/1NKuWRKf7j5aaYSg==}
    engines: {node: '>=6'}

  path-key@3.1.1:
    resolution: {integrity: sha512-ojmeN0qd+y0jszEtoY48r0Peq5dwMEkIlCOu6Q5f41lfkswXuKtYrhgoTpLnyIcHm24Uhqx+5Tqm2InSwLhE6Q==}
    engines: {node: '>=8'}

  react-dom@18.3.1:
    resolution: {integrity: sha512-5m4nQKp+rZRb09LNH59GM4BxTh9251/ylbKIbpe7TpGxfJ+9kv6BLkLBXIjjspbgbnIBNqlI23tRnTWT0snUIw==}
    peerDependencies:
      react: ^18.3.1

  react@18.3.1:
    resolution: {integrity: sha512-wS+hAgJShR0KhEvPJArfuPVN1+Hz1t0Y6n5jLrGQbkb4urgPE/0Rve+1kMB1v/oWgHgm4WIcV+i7F2pTVj+2iQ==}
    engines: {node: '>=0.10.0'}

  remotion@4.0.526:
    resolution: {integrity: sha512-3dQa7GcsYMJvtePIjBFdY2IRKZfN/+1eyPfocTX1Ggkhpwb0z0tb/2BRZ/ceg/TFX+YTHq50JafVzAYsPLXsqw==}
    peerDependencies:
      react: '>=16.8.0'
      react-dom: '>=16.8.0'

  scheduler@0.23.2:
    resolution: {integrity: sha512-UOShsPwz7NrMUqhR6t0hWjFduvOzbtv7toDH1/hIrfRNIDBnnBWd0CwJTGvTpngVlmwGCdP9/Zl/tVrDqcuYzQ==}

  shebang-command@2.0.0:
    resolution: {integrity: sha512-kHxr2zZpYtdmrN1qDjrrX/Z1rR1kG8Dx+gkpK1G4eXmvXswmcE1hTWBWYUzlraYw1/yZp6YuDY77YtvbN0dmDA==}
    engines: {node: '>=8'}

  shebang-regex@3.0.0:
    resolution: {integrity: sha512-7++dFhtcx3353uBaq8DDR4NuxBetBzC7ZQOhmTQInHEd6bSrXdiEyzCvG07Z44UYdLShWUyXt5M/yhz8ekcb1A==}
    engines: {node: '>=8'}

  signal-exit@3.0.7:
    resolution: {integrity: sha512-wnD2ZE+l+SPC/uoS0vXeE9L1+0wuaMqKlfz9AMUo38JsyLSBWSFcHR1Rri62LZc12vLr1gb3jl7iwQhgwpAbGQ==}

  source-map@0.8.0:
    resolution: {integrity: sha512-d8EqvL+k/SOXCreS/SUzg2ciyHqBBLcN/yuRjFsbvVhHTE2pgei7oAhmPM7kWFbkX6OSMQfUq4KbkF3au9lhYQ==}
    engines: {node: '>= 12'}

  strip-final-newline@2.0.0:
    resolution: {integrity: sha512-BrpvfNAE3dcvq7ll3xVumzjKjZQ5tI1sEUIKr3Uoks0XUl45St3FlatVqef9prk4jRDzhW6WZg+3bk93y6pLjA==}
    engines: {node: '>=6'}

  which@2.0.2:
    resolution: {integrity: sha512-BLI3Tl1TW3Pvl70l3yq3Y64i+awpwXqsGBYWkkqMtnbXgrMD+yj7rhW0kuEDxzJaYXGjEW5ogapKNMEKNMjibA==}
    engines: {node: '>= 8'}
    hasBin: true

  ws@8.21.0:
    resolution: {integrity: sha512-Vsp28b7DRcimFQvrqu2Wek3z1iYxDCWqHYB8Qsnk/S4RfaCQzPGPyBNuVjJV3cd6UiKtUtp6sNM77gWvzcCH+g==}
    engines: {node: '>=10.0.0'}
    peerDependencies:
      bufferutil: ^4.0.1
      utf-8-validate: '>=5.0.2'
    peerDependenciesMeta:
      bufferutil:
        optional: true
      utf-8-validate:
        optional: true

  zod@3.25.76:
    resolution: {integrity: sha512-gzUt/qt81nXsFGKIFcC3YnfEAx5NkunCfnDlvuBSSFS02bcXu4Lmea0AFIUwbLWxWPx3d9p8S5QoaujKcNQxcQ==}

snapshots:

  '@remotion/compositor-darwin-arm64@4.0.526':
    optional: true

  '@remotion/compositor-darwin-x64@4.0.526':
    optional: true

  '@remotion/compositor-linux-arm64-gnu@4.0.526':
    optional: true

  '@remotion/compositor-linux-arm64-musl@4.0.526':
    optional: true

  '@remotion/compositor-linux-x64-gnu@4.0.526':
    optional: true

  '@remotion/compositor-linux-x64-musl@4.0.526':
    optional: true

  '@remotion/compositor-win32-x64-msvc@4.0.526':
    optional: true

  '@remotion/licensing@4.0.526': {}

  '@remotion/renderer@4.0.526(react-dom@18.3.1(react@18.3.1))(react@18.3.1)':
    dependencies:
      '@remotion/licensing': 4.0.526
      '@remotion/streaming': 4.0.526
      execa: 5.1.1
      react: 18.3.1
      react-dom: 18.3.1(react@18.3.1)
      remotion: 4.0.526(react-dom@18.3.1(react@18.3.1))(react@18.3.1)
      source-map: 0.8.0
      ws: 8.21.0
    optionalDependencies:
      '@remotion/compositor-darwin-arm64': 4.0.526
      '@remotion/compositor-darwin-x64': 4.0.526
      '@remotion/compositor-linux-arm64-gnu': 4.0.526
      '@remotion/compositor-linux-arm64-musl': 4.0.526
      '@remotion/compositor-linux-x64-gnu': 4.0.526
      '@remotion/compositor-linux-x64-musl': 4.0.526
      '@remotion/compositor-win32-x64-msvc': 4.0.526
    transitivePeerDependencies:
      - bufferutil
      - utf-8-validate

  '@remotion/streaming@4.0.526': {}

  cross-spawn@7.0.6:
    dependencies:
      path-key: 3.1.1
      shebang-command: 2.0.0
      which: 2.0.2

  execa@5.1.1:
    dependencies:
      cross-spawn: 7.0.6
      get-stream: 6.0.1
      human-signals: 2.1.0
      is-stream: 2.0.1
      merge-stream: 2.0.0
      npm-run-path: 4.0.1
      onetime: 5.1.2
      signal-exit: 3.0.7
      strip-final-newline: 2.0.0

  get-stream@6.0.1: {}

  human-signals@2.1.0: {}

  is-stream@2.0.1: {}

  isexe@2.0.0: {}

  js-tokens@4.0.0: {}

  loose-envify@1.4.0:
    dependencies:
      js-tokens: 4.0.0

  merge-stream@2.0.0: {}

  mimic-fn@2.1.0: {}

  npm-run-path@4.0.1:
    dependencies:
      path-key: 3.1.1

  onetime@5.1.2:
    dependencies:
      mimic-fn: 2.1.0

  path-key@3.1.1: {}

  react-dom@18.3.1(react@18.3.1):
    dependencies:
      loose-envify: 1.4.0
      react: 18.3.1
      scheduler: 0.23.2

  react@18.3.1:
    dependencies:
      loose-envify: 1.4.0

  remotion@4.0.526(react-dom@18.3.1(react@18.3.1))(react@18.3.1):
    dependencies:
      react: 18.3.1
      react-dom: 18.3.1(react@18.3.1)

  scheduler@0.23.2:
    dependencies:
      loose-envify: 1.4.0

  shebang-command@2.0.0:
    dependencies:
      shebang-regex: 3.0.0

  shebang-regex@3.0.0: {}

  signal-exit@3.0.7: {}

  source-map@0.8.0: {}

  strip-final-newline@2.0.0: {}

  which@2.0.2:
    dependencies:
      isexe: 2.0.0

  ws@8.21.0: {}

  zod@3.25.76: {}
